# THIS IS AN AUTOGENERATED FILE. DO NOT EDIT THIS FILE DIRECTLY.
# yarn lockfile v1


stimulus-autocomplete@^3.1.0:
  version "3.1.0"
  resolved "https://registry.yarnpkg.com/stimulus-autocomplete/-/stimulus-autocomplete-3.1.0.tgz#7c9292706556ed0a87abf60ea2688bf0ea1176a8"
  integrity sha512-SmVViCdA8yCl99oV2kzllNOqYjx7wruY+1OjAVsDTkZMNFZG5j+SqDKHMYbu+dRFy/SWq/PParzwZHvLAgH+YA==
